
Microsoft Visual Studio Solution File, Format Version 12.00
# Visual Studio 15
VisualStudioVersion = 15.0.27428.2005
MinimumVisualStudioVersion = 10.0.40219.1
Project("{FAE04EC0-301F-11D3-BF4B-00C04F79EFBC}") = "BerwynApp", "BerwynApp\BerwynApp.csproj", "{6479D1C7-9449-4DF7-A71E-DFA2B63B297F}"
EndProject
Global
	GlobalSection(SolutionConfigurationPlatforms) = preSolution
		Debug|Any CPU = Debug|Any CPU
		Release|Any CPU = Release|Any CPU
	EndGlobalSection
	GlobalSection(ProjectConfigurationPlatforms) = postSolution
		{6479D1C7-9449-4DF7-A71E-DFA2B63B297F}.Debug|Any CPU.ActiveCfg = Debug|Any CPU
		{6479D1C7-9449-4DF7-A71E-DFA2B63B297F}.Debug|Any CPU.Build.0 = Debug|Any CPU
		{6479D1C7-9449-4DF7-A71E-DFA2B63B297F}.Release|Any CPU.ActiveCfg = Release|Any CPU
		{6479D1C7-9449-4DF7-A71E-DFA2B63B297F}.Release|Any CPU.Build.0 = Release|Any CPU
	EndGlobalSection
	GlobalSection(SolutionProperties) = preSolution
		HideSolutionNode = FALSE
	EndGlobalSection
	GlobalSection(ExtensibilityGlobals) = postSolution
		SolutionGuid = {AC3F5272-ABF3-4A4D-82E2-5BA489CAF414}
	EndGlobalSection
EndGlobal
